
Microsoft Visual Studio Solution File, Format Version 12.00
# Visual Studio Version 17
VisualStudioVersion = 17.1.32228.430
MinimumVisualStudioVersion = 10.0.40219.1
Project("{FAE04EC0-301F-11D3-BF4B-00C04F79EFBC}") = "RPG GAME", "RPG GAME\RPG GAME.csproj", "{E754F878-3B60-426C-A187-71700516BC8D}"
EndProject
Global
	GlobalSection(SolutionConfigurationPlatforms) = preSolution
		Debug|Any CPU = Debug|Any CPU
		Release|Any CPU = Release|Any CPU
	EndGlobalSection
	GlobalSection(ProjectConfigurationPlatforms) = postSolution
		{E754F878-3B60-426C-A187-71700516BC8D}.Debug|Any CPU.ActiveCfg = Debug|Any CPU
		{E754F878-3B60-426C-A187-71700516BC8D}.Debug|Any CPU.Build.0 = Debug|Any CPU
		{E754F878-3B60-426C-A187-71700516BC8D}.Release|Any CPU.ActiveCfg = Release|Any CPU
		{E754F878-3B60-426C-A187-71700516BC8D}.Release|Any CPU.Build.0 = Release|Any CPU
	EndGlobalSection
	GlobalSection(SolutionProperties) = preSolution
		HideSolutionNode = FALSE
	EndGlobalSection
	GlobalSection(ExtensibilityGlobals) = postSolution
		SolutionGuid = {0210F10B-D3C1-4479-998B-B31C8939839C}
	EndGlobalSection
EndGlobal
